// !$*UTF8*$!
{
	archiveVersion = 1;
	classes = {
	};
	objectVersion = 56;
	objects = {

/* Begin PBXBuildFile section */
		CEFA6E3E29153A930032876F /* Challenge6App.swift in Sources */ = {isa = PBXBuildFile; fileRef = CEFA6E3D29153A930032876F /* Challenge6App.swift */; };
		CEFA6E4029153A930032876F /* ContentView.swift in Sources */ = {isa = PBXBuildFile; fileRef = CEFA6E3F29153A930032876F /* ContentView.swift */; };
		CEFA6E4229153A960032876F /* Assets.xcassets in Resources */ = {isa = PBXBuildFile; fileRef = CEFA6E4129153A960032876F /* Assets.xcassets */; };
		CEFA6E4529153A960032876F /* Preview Assets.xcassets in Resources */ = {isa = PBXBuildFile; fileRef = CEFA6E4429153A960032876F /* Preview Assets.xcassets */; };
		CEFA6E4D29153AFD0032876F /* ImagePicker.swift in Sources */ = {isa = PBXBuildFile; fileRef = CEFA6E4C29153AFD0032876F /* ImagePicker.swift */; };
		CEFA6E502915D1880032876F /* ContentView+ViewModel.swift in Sources */ = {isa = PBXBuildFile; fileRef = CEFA6E4F2915D1880032876F /* ContentView+ViewModel.swift */; };
		CEFA6E532915D35C0032876F /* User.swift in Sources */ = {isa = PBXBuildFile; fileRef = CEFA6E522915D35C0032876F /* User.swift */; };
		CEFA6E552915D44F0032876F /* Filemanager+DocumentsDirectory.swift in Sources */ = {isa = PBXBuildFile; fileRef = CEFA6E542915D44F0032876F /* Filemanager+DocumentsDirectory.swift */; };
		CEFA6E572915D5770032876F /* ImageService.swift in Sources */ = {isa = PBXBuildFile; fileRef = CEFA6E562915D5770032876F /* ImageService.swift */; };
		CEFA6E592915DB480032876F /* EditItem.swift in Sources */ = {isa = PBXBuildFile; fileRef = CEFA6E582915DB480032876F /* EditItem.swift */; };
		CEFA6E5B2915E40E0032876F /* EditItem+ViewModel.swift in Sources */ = {isa = PBXBuildFile; fileRef = CEFA6E5A2915E40E0032876F /* EditItem+ViewModel.swift */; };
/* End PBXBuildFile section */

/* Begin PBXFileReference section */
		CEFA6E3A29153A930032876F /* Challenge6.app */ = {isa = PBXFileReference; explicitFileType = wrapper.application; includeInIndex = 0; path = Challenge6.app; sourceTree = BUILT_PRODUCTS_DIR; };
		CEFA6E3D29153A930032876F /* Challenge6App.swift */ = {isa = PBXFileReference; lastKnownFileType = sourcecode.swift; path = Challenge6App.swift; sourceTree = "<group>"; };
		CEFA6E3F29153A930032876F /* ContentView.swift */ = {isa = PBXFileReference; lastKnownFileType = sourcecode.swift; path = ContentView.swift; sourceTree = "<group>"; };
		CEFA6E4129153A960032876F /* Assets.xcassets */ = {isa = PBXFileReference; lastKnownFileType = folder.assetcatalog; path = Assets.xcassets; sourceTree = "<group>"; };
		CEFA6E4429153A960032876F /* Preview Assets.xcassets */ = {isa = PBXFileReference; lastKnownFileType = folder.assetcatalog; path = "Preview Assets.xcassets"; sourceTree = "<group>"; };
		CEFA6E4C29153AFD0032876F /* ImagePicker.swift */ = {isa = PBXFileReference; lastKnownFileType = sourcecode.swift; path = ImagePicker.swift; sourceTree = "<group>"; };
		CEFA6E4F2915D1880032876F /* ContentView+ViewModel.swift */ = {isa = PBXFileReference; lastKnownFileType = sourcecode.swift; path = "ContentView+ViewModel.swift"; sourceTree = "<group>"; };
		CEFA6E522915D35C0032876F /* User.swift */ = {isa = PBXFileReference; lastKnownFileType = sourcecode.swift; path = User.swift; sourceTree = "<group>"; };
		CEFA6E542915D44F0032876F /* Filemanager+DocumentsDirectory.swift */ = {isa = PBXFileReference; lastKnownFileType = sourcecode.swift; path = "Filemanager+DocumentsDirectory.swift"; sourceTree = "<group>"; };
		CEFA6E562915D5770032876F /* ImageService.swift */ = {isa = PBXFileReference; lastKnownFileType = sourcecode.swift; path = ImageService.swift; sourceTree = "<group>"; };
		CEFA6E582915DB480032876F /* EditItem.swift */ = {isa = PBXFileReference; lastKnownFileType = sourcecode.swift; path = EditItem.swift; sourceTree = "<group>"; };
		CEFA6E5A2915E40E0032876F /* EditItem+ViewModel.swift */ = {isa = PBXFileReference; lastKnownFileType = sourcecode.swift; path = "EditItem+ViewModel.swift"; sourceTree = "<group>"; };
/* End PBXFileReference section */

/* Begin PBXFrameworksBuildPhase section */
		CEFA6E3729153A930032876F /* Frameworks */ = {
			isa = PBXFrameworksBuildPhase;
			buildActionMask = 2147483647;
			files = (
			);
			runOnlyForDeploymentPostprocessing = 0;
		};
/* End PBXFrameworksBuildPhase section */

/* Begin PBXGroup section */
		CEFA6E3129153A930032876F = {
			isa = PBXGroup;
			children = (
				CEFA6E3C29153A930032876F /* Challenge6 */,
				CEFA6E3B29153A930032876F /* Products */,
			);
			sourceTree = "<group>";
		};
		CEFA6E3B29153A930032876F /* Products */ = {
			isa = PBXGroup;
			children = (
				CEFA6E3A29153A930032876F /* Challenge6.app */,
			);
			name = Products;
			sourceTree = "<group>";
		};
		CEFA6E3C29153A930032876F /* Challenge6 */ = {
			isa = PBXGroup;
			children = (
				CEFA6E512915D34B0032876F /* Model */,
				CEFA6E4E2915D1710032876F /* ViewModel */,
				CEFA6E4B29153AEA0032876F /* View */,
				CEFA6E3D29153A930032876F /* Challenge6App.swift */,
				CEFA6E3F29153A930032876F /* ContentView.swift */,
				CEFA6E4129153A960032876F /* Assets.xcassets */,
				CEFA6E4329153A960032876F /* Preview Content */,
				CEFA6E542915D44F0032876F /* Filemanager+DocumentsDirectory.swift */,
				CEFA6E562915D5770032876F /* ImageService.swift */,
			);
			path = Challenge6;
			sourceTree = "<group>";
		};
		CEFA6E4329153A960032876F /* Preview Content */ = {
			isa = PBXGroup;
			children = (
				CEFA6E4429153A960032876F /* Preview Assets.xcassets */,
			);
			path = "Preview Content";
			sourceTree = "<group>";
		};
		CEFA6E4B29153AEA0032876F /* View */ = {
			isa = PBXGroup;
			children = (
				CEFA6E4C29153AFD0032876F /* ImagePicker.swift */,
				CEFA6E582915DB480032876F /* EditItem.swift */,
			);
			path = View;
			sourceTree = "<group>";
		};
		CEFA6E4E2915D1710032876F /* ViewModel */ = {
			isa = PBXGroup;
			children = (
				CEFA6E4F2915D1880032876F /* ContentView+ViewModel.swift */,
				CEFA6E5A2915E40E0032876F /* EditItem+ViewModel.swift */,
			);
			path = ViewModel;
			sourceTree = "<group>";
		};
		CEFA6E512915D34B0032876F /* Model */ = {
			isa = PBXGroup;
			children = (
				CEFA6E522915D35C0032876F /* User.swift */,
			);
			path = Model;
			sourceTree = "<group>";
		};
/* End PBXGroup section */

/* Begin PBXNativeTarget section */
		CEFA6E3929153A930032876F /* Challenge6 */ = {
			isa = PBXNativeTarget;
			buildConfigurationList = CEFA6E4829153A960032876F /* Build configuration list for PBXNativeTarget "Challenge6" */;
			buildPhases = (
				CEFA6E3629153A930032876F /* Sources */,
				CEFA6E3729153A930032876F /* Frameworks */,
				CEFA6E3829153A930032876F /* Resources */,
			);
			buildRules = (
			);
			dependencies = (
			);
			name = Challenge6;
			productName = Challenge6;
			productReference = CEFA6E3A29153A930032876F /* Challenge6.app */;
			productType = "com.apple.product-type.application";
		};
/* End PBXNativeTarget section */

/* Begin PBXProject section */
		CEFA6E3229153A930032876F /* Project object */ = {
			isa = PBXProject;
			attributes = {
				BuildIndependentTargetsInParallel = 1;
				LastSwiftUpdateCheck = 1400;
				LastUpgradeCheck = 1400;
				TargetAttributes = {
					CEFA6E3929153A930032876F = {
						CreatedOnToolsVersion = 14.0.1;
					};
				};
			};
			buildConfigurationList = CEFA6E3529153A930032876F /* Build configuration list for PBXProject "Challenge6" */;
			compatibilityVersion = "Xcode 14.0";
			developmentRegion = en;
			hasScannedForEncodings = 0;
			knownRegions = (
				en,
				Base,
			);
			mainGroup = CEFA6E3129153A930032876F;
			productRefGroup = CEFA6E3B29153A930032876F /* Products */;
			projectDirPath = "";
			projectRoot = "";
			targets = (
				CEFA6E3929153A930032876F /* Challenge6 */,
			);
		};
/* End PBXProject section */

/* Begin PBXResourcesBuildPhase section */
		CEFA6E3829153A930032876F /* Resources */ = {
			isa = PBXResourcesBuildPhase;
			buildActionMask = 2147483647;
			files = (
				CEFA6E4529153A960032876F /* Preview Assets.xcassets in Resources */,
				CEFA6E4229153A960032876F /* Assets.xcassets in Resources */,
			);
			runOnlyForDeploymentPostprocessing = 0;
		};
/* End PBXResourcesBuildPhase section */

/* Begin PBXSourcesBuildPhase section */
		CEFA6E3629153A930032876F /* Sources */ = {
			isa = PBXSourcesBuildPhase;
			buildActionMask = 2147483647;
			files = (
				CEFA6E4D29153AFD0032876F /* ImagePicker.swift in Sources */,
				CEFA6E4029153A930032876F /* ContentView.swift in Sources */,
				CEFA6E3E29153A930032876F /* Challenge6App.swift in Sources */,
				CEFA6E5B2915E40E0032876F /* EditItem+ViewModel.swift in Sources */,
				CEFA6E572915D5770032876F /* ImageService.swift in Sources */,
				CEFA6E532915D35C0032876F /* User.swift in Sources */,
				CEFA6E552915D44F0032876F /* Filemanager+DocumentsDirectory.swift in Sources */,
				CEFA6E592915DB480032876F /* EditItem.swift in Sources */,
				CEFA6E502915D1880032876F /* ContentView+ViewModel.swift in Sources */,
			);
			runOnlyForDeploymentPostprocessing = 0;
		};
/* End PBXSourcesBuildPhase section */

/* Begin XCBuildConfiguration section */
		CEFA6E4629153A960032876F /* Debug */ = {
			isa = XCBuildConfiguration;
			buildSettings = {
				ALWAYS_SEARCH_USER_PATHS = NO;
				CLANG_ANALYZER_NONNULL = YES;
				CLANG_ANALYZER_NUMBER_OBJECT_CONVERSION = YES_AGGRESSIVE;
				CLANG_CXX_LANGUAGE_STANDARD = "gnu++20";
				CLANG_ENABLE_MODULES = YES;
				CLANG_ENABLE_OBJC_ARC = YES;
				CLANG_ENABLE_OBJC_WEAK = YES;
				CLANG_WARN_BLOCK_CAPTURE_AUTORELEASING = YES;
				CLANG_WARN_BOOL_CONVERSION = YES;
				CLANG_WARN_COMMA = YES;
				CLANG_WARN_CONSTANT_CONVERSION = YES;
				CLANG_WARN_DEPRECATED_OBJC_IMPLEMENTATIONS = YES;
				CLANG_WARN_DIRECT_OBJC_ISA_USAGE = YES_ERROR;
				CLANG_WARN_DOCUMENTATION_COMMENTS = YES;
				CLANG_WARN_EMPTY_BODY = YES;
				CLANG_WARN_ENUM_CONVERSION = YES;
				CLANG_WARN_INFINITE_RECURSION = YES;
				CLANG_WARN_INT_CONVERSION = YES;
				CLANG_WARN_NON_LITERAL_NULL_CONVERSION = YES;
				CLANG_WARN_OBJC_IMPLICIT_RETAIN_SELF = YES;
				CLANG_WARN_OBJC_LITERAL_CONVERSION = YES;
				CLANG_WARN_OBJC_ROOT_CLASS = YES_ERROR;
				CLANG_WARN_QUOTED_INCLUDE_IN_FRAMEWORK_HEADER = YES;
				CLANG_WARN_RANGE_LOOP_ANALYSIS = YES;
				CLANG_WARN_STRICT_PROTOTYPES = YES;
				CLANG_WARN_SUSPICIOUS_MOVE = YES;
				CLANG_WARN_UNGUARDED_AVAILABILITY = YES_AGGRESSIVE;
				CLANG_WARN_UNREACHABLE_CODE = YES;
				CLANG_WARN__DUPLICATE_METHOD_MATCH = YES;
				COPY_PHASE_STRIP = NO;
				DEBUG_INFORMATION_FORMAT = dwarf;
				ENABLE_STRICT_OBJC_MSGSEND = YES;
				ENABLE_TESTABILITY = YES;
				GCC_C_LANGUAGE_STANDARD = gnu11;
				GCC_DYNAMIC_NO_PIC = NO;
				GCC_NO_COMMON_BLOCKS = YES;
				GCC_OPTIMIZATION_LEVEL = 0;
				GCC_PREPROCESSOR_DEFINITIONS = (
					"DEBUG=1",
					"$(inherited)",
				);
				GCC_WARN_64_TO_32_BIT_CONVERSION = YES;
				GCC_WARN_ABOUT_RETURN_TYPE = YES_ERROR;
				GCC_WARN_UNDECLARED_SELECTOR = YES;
				GCC_WARN_UNINITIALIZED_AUTOS = YES_AGGRESSIVE;
				GCC_WARN_UNUSED_FUNCTION = YES;
				GCC_WARN_UNUSED_VARIABLE = YES;
				IPHONEOS_DEPLOYMENT_TARGET = 16.0;
				MTL_ENABLE_DEBUG_INFO = INCLUDE_SOURCE;
				MTL_FAST_MATH = YES;
				ONLY_ACTIVE_ARCH = YES;
				SDKROOT = iphoneos;
				SWIFT_ACTIVE_COMPILATION_CONDITIONS = DEBUG;
				SWIFT_OPTIMIZATION_LEVEL = "-Onone";
			};
			name = Debug;
		};
		CEFA6E4729153A960032876F /* Release */ = {
			isa = XCBuildConfiguration;
			buildSettings = {
				ALWAYS_SEARCH_USER_PATHS = NO;
				CLANG_ANALYZER_NONNULL = YES;
				CLANG_ANALYZER_NUMBER_OBJECT_CONVERSION = YES_AGGRESSIVE;
				CLANG_CXX_LANGUAGE_STANDARD = "gnu++20";
				CLANG_ENABLE_MODULES = YES;
				CLANG_ENABLE_OBJC_ARC = YES;
				CLANG_ENABLE_OBJC_WEAK = YES;
				CLANG_WARN_BLOCK_CAPTURE_AUTORELEASING = YES;
				CLANG_WARN_BOOL_CONVERSION = YES;
				CLANG_WARN_COMMA = YES;
				CLANG_WARN_CONSTANT_CONVERSION = YES;
				CLANG_WARN_DEPRECATED_OBJC_IMPLEMENTATIONS = YES;
				CLANG_WARN_DIRECT_OBJC_ISA_USAGE = YES_ERROR;
				CLANG_WARN_DOCUMENTATION_COMMENTS = YES;
				CLANG_WARN_EMPTY_BODY = YES;
				CLANG_WARN_ENUM_CONVERSION = YES;
				CLANG_WARN_INFINITE_RECURSION = YES;
				CLANG_WARN_INT_CONVERSION = YES;
				CLANG_WARN_NON_LITERAL_NULL_CONVERSION = YES;
				CLANG_WARN_OBJC_IMPLICIT_RETAIN_SELF = YES;
				CLANG_WARN_OBJC_LITERAL_CONVERSION = YES;
				CLANG_WARN_OBJC_ROOT_CLASS = YES_ERROR;
				CLANG_WARN_QUOTED_INCLUDE_IN_FRAMEWORK_HEADER = YES;
				CLANG_WARN_RANGE_LOOP_ANALYSIS = YES;
				CLANG_WARN_STRICT_PROTOTYPES = YES;
				CLANG_WARN_SUSPICIOUS_MOVE = YES;
				CLANG_WARN_UNGUARDED_AVAILABILITY = YES_AGGRESSIVE;
				CLANG_WARN_UNREACHABLE_CODE = YES;
				CLANG_WARN__DUPLICATE_METHOD_MATCH = YES;
				COPY_PHASE_STRIP = NO;
				DEBUG_INFORMATION_FORMAT = "dwarf-with-dsym";
				ENABLE_NS_ASSERTIONS = NO;
				ENABLE_STRICT_OBJC_MSGSEND = YES;
				GCC_C_LANGUAGE_STANDARD = gnu11;
				GCC_NO_COMMON_BLOCKS = YES;
				GCC_WARN_64_TO_32_BIT_CONVERSION = YES;
				GCC_WARN_ABOUT_RETURN_TYPE = YES_ERROR;
				GCC_WARN_UNDECLARED_SELECTOR = YES;
				GCC_WARN_UNINITIALIZED_AUTOS = YES_AGGRESSIVE;
				GCC_WARN_UNUSED_FUNCTION = YES;
				GCC_WARN_UNUSED_VARIABLE = YES;
				IPHONEOS_DEPLOYMENT_TARGET = 16.0;
				MTL_ENABLE_DEBUG_INFO = NO;
				MTL_FAST_MATH = YES;
				SDKROOT = iphoneos;
				SWIFT_COMPILATION_MODE = wholemodule;
				SWIFT_OPTIMIZATION_LEVEL = "-O";
				VALIDATE_PRODUCT = YES;
			};
			name = Release;
		};
		CEFA6E4929153A960032876F /* Debug */ = {
			isa = XCBuildConfiguration;
			buildSettings = {
				ASSETCATALOG_COMPILER_APPICON_NAME = AppIcon;
				ASSETCATALOG_COMPILER_GLOBAL_ACCENT_COLOR_NAME = AccentColor;
				CODE_SIGN_STYLE = Automatic;
				CURRENT_PROJECT_VERSION = 1;
				DEVELOPMENT_ASSET_PATHS = "\"Challenge6/Preview Content\"";
				DEVELOPMENT_TEAM = 2Y9TDP52WY;
				ENABLE_PREVIEWS = YES;
				GENERATE_INFOPLIST_FILE = YES;
				INFOPLIST_KEY_UIApplicationSceneManifest_Generation = YES;
				INFOPLIST_KEY_UIApplicationSupportsIndirectInputEvents = YES;
				INFOPLIST_KEY_UILaunchScreen_Generation = YES;
				INFOPLIST_KEY_UISupportedInterfaceOrientations_iPad = "UIInterfaceOrientationPortrait UIInterfaceOrientationPortraitUpsideDown UIInterfaceOrientationLandscapeLeft UIInterfaceOrientationLandscapeRight";
				INFOPLIST_KEY_UISupportedInterfaceOrientations_iPhone = "UIInterfaceOrientationPortrait UIInterfaceOrientationLandscapeLeft UIInterfaceOrientationLandscapeRight";
				LD_RUNPATH_SEARCH_PATHS = (
					"$(inherited)",
					"@executable_path/Frameworks",
				);
				MARKETING_VERSION = 1.0;
				PRODUCT_BUNDLE_IDENTIFIER = ir.nasirimehr.Challenge6;
				PRODUCT_NAME = "$(TARGET_NAME)";
				SWIFT_EMIT_LOC_STRINGS = YES;
				SWIFT_VERSION = 5.0;
				TARGETED_DEVICE_FAMILY = "1,2";
			};
			name = Debug;
		};
		CEFA6E4A29153A960032876F /* Release */ = {
			isa = XCBuildConfiguration;
			buildSettings = {
				ASSETCATALOG_COMPILER_APPICON_NAME = AppIcon;
				ASSETCATALOG_COMPILER_GLOBAL_ACCENT_COLOR_NAME = AccentColor;
				CODE_SIGN_STYLE = Automatic;
				CURRENT_PROJECT_VERSION = 1;
				DEVELOPMENT_ASSET_PATHS = "\"Challenge6/Preview Content\"";
				DEVELOPMENT_TEAM = 2Y9TDP52WY;
				ENABLE_PREVIEWS = YES;
				GENERATE_INFOPLIST_FILE = YES;
				INFOPLIST_KEY_UIApplicationSceneManifest_Generation = YES;
				INFOPLIST_KEY_UIApplicationSupportsIndirectInputEvents = YES;
				INFOPLIST_KEY_UILaunchScreen_Generation = YES;
				INFOPLIST_KEY_UISupportedInterfaceOrientations_iPad = "UIInterfaceOrientationPortrait UIInterfaceOrientationPortraitUpsideDown UIInterfaceOrientationLandscapeLeft UIInterfaceOrientationLandscapeRight";
				INFOPLIST_KEY_UISupportedInterfaceOrientations_iPhone = "UIInterfaceOrientationPortrait UIInterfaceOrientationLandscapeLeft UIInterfaceOrientationLandscapeRight";
				LD_RUNPATH_SEARCH_PATHS = (
					"$(inherited)",
					"@executable_path/Frameworks",
				);
				MARKETING_VERSION = 1.0;
				PRODUCT_BUNDLE_IDENTIFIER = ir.nasirimehr.Challenge6;
				PRODUCT_NAME = "$(TARGET_NAME)";
				SWIFT_EMIT_LOC_STRINGS = YES;
				SWIFT_VERSION = 5.0;
				TARGETED_DEVICE_FAMILY = "1,2";
			};
			name = Release;
		};
/* End XCBuildConfiguration section */

/* Begin XCConfigurationList section */
		CEFA6E3529153A930032876F /* Build configuration list for PBXProject "Challenge6" */ = {
			isa = XCConfigurationList;
			buildConfigurations = (
				CEFA6E4629153A960032876F /* Debug */,
				CEFA6E4729153A960032876F /* Release */,
			);
			defaultConfigurationIsVisible = 0;
			defaultConfigurationName = Release;
		};
		CEFA6E4829153A960032876F /* Build configuration list for PBXNativeTarget "Challenge6" */ = {
			isa = XCConfigurationList;
			buildConfigurations = (
				CEFA6E4929153A960032876F /* Debug */,
				CEFA6E4A29153A960032876F /* Release */,
			);
			defaultConfigurationIsVisible = 0;
			defaultConfigurationName = Release;
		};
/* End XCConfigurationList section */
	};
	rootObject = CEFA6E3229153A930032876F /* Project object */;
}
